
Microsoft Visual Studio Solution File, Format Version 12.00
# Visual Studio Version 17
VisualStudioVersion = 17.11.35312.102
MinimumVisualStudioVersion = 10.0.40219.1
Project("{9A19103F-16F7-4668-BE54-9A1E7A4F7556}") = "Calculation.API", "Calculation.API\Calculation.API.csproj", "{0C295046-72A2-40AD-A336-62CC45F1B151}"
EndProject
Project("{9A19103F-16F7-4668-BE54-9A1E7A4F7556}") = "Calculation.Application", "Calculation.Application\Calculation.Application.csproj", "{F6909B18-00F9-4BB1-B333-00BD7BC616EE}"
EndProject
Project("{9A19103F-16F7-4668-BE54-9A1E7A4F7556}") = "Calculation.Contract", "Calculate.Contract\Calculation.Contract.csproj", "{A8847A28-7111-4813-B407-D467088C35AF}"
EndProject
Project("{9A19103F-16F7-4668-BE54-9A1E7A4F7556}") = "Calculation.Common", "Calculation.Utility\Calculation.Common.csproj", "{4FEB41D2-51BB-4A58-9C74-415AE016A6C2}"
EndProject
Global
	GlobalSection(SolutionConfigurationPlatforms) = preSolution
		Debug|Any CPU = Debug|Any CPU
		Release|Any CPU = Release|Any CPU
	EndGlobalSection
	GlobalSection(ProjectConfigurationPlatforms) = postSolution
		{0C295046-72A2-40AD-A336-62CC45F1B151}.Debug|Any CPU.ActiveCfg = Debug|Any CPU
		{0C295046-72A2-40AD-A336-62CC45F1B151}.Debug|Any CPU.Build.0 = Debug|Any CPU
		{0C295046-72A2-40AD-A336-62CC45F1B151}.Release|Any CPU.ActiveCfg = Release|Any CPU
		{0C295046-72A2-40AD-A336-62CC45F1B151}.Release|Any CPU.Build.0 = Release|Any CPU
		{F6909B18-00F9-4BB1-B333-00BD7BC616EE}.Debug|Any CPU.ActiveCfg = Debug|Any CPU
		{F6909B18-00F9-4BB1-B333-00BD7BC616EE}.Debug|Any CPU.Build.0 = Debug|Any CPU
		{F6909B18-00F9-4BB1-B333-00BD7BC616EE}.Release|Any CPU.ActiveCfg = Release|Any CPU
		{F6909B18-00F9-4BB1-B333-00BD7BC616EE}.Release|Any CPU.Build.0 = Release|Any CPU
		{A8847A28-7111-4813-B407-D467088C35AF}.Debug|Any CPU.ActiveCfg = Debug|Any CPU
		{A8847A28-7111-4813-B407-D467088C35AF}.Debug|Any CPU.Build.0 = Debug|Any CPU
		{A8847A28-7111-4813-B407-D467088C35AF}.Release|Any CPU.ActiveCfg = Release|Any CPU
		{A8847A28-7111-4813-B407-D467088C35AF}.Release|Any CPU.Build.0 = Release|Any CPU
		{4FEB41D2-51BB-4A58-9C74-415AE016A6C2}.Debug|Any CPU.ActiveCfg = Debug|Any CPU
		{4FEB41D2-51BB-4A58-9C74-415AE016A6C2}.Debug|Any CPU.Build.0 = Debug|Any CPU
		{4FEB41D2-51BB-4A58-9C74-415AE016A6C2}.Release|Any CPU.ActiveCfg = Release|Any CPU
		{4FEB41D2-51BB-4A58-9C74-415AE016A6C2}.Release|Any CPU.Build.0 = Release|Any CPU
	EndGlobalSection
	GlobalSection(SolutionProperties) = preSolution
		HideSolutionNode = FALSE
	EndGlobalSection
	GlobalSection(ExtensibilityGlobals) = postSolution
		SolutionGuid = {58A1D713-E09D-4485-857C-AE17F6A2F0D8}
	EndGlobalSection
EndGlobal
